{
  "requires": true,
  "lockfileVersion": 1,
  "dependencies": {
    "highcharts": {
      "version": "9.0.1",
      "resolved": "https://registry.npmjs.org/highcharts/-/highcharts-9.0.1.tgz",
      "integrity": "sha512-0UmcCz2RmFuqfT/Igu3h5sGnkeSqqZwfuYrTzJ/htptmJAo5SSxH62NFcTjVRk+3WstoBJmoXR0v5FVGQUzK5A=="
    }
  }
}
