{
  "requires": true,
  "lockfileVersion": 1,
  "dependencies": {
    "datatables.net": {
      "version": "1.10.24",
      "resolved": "https://registry.npmjs.org/datatables.net/-/datatables.net-1.10.24.tgz",
      "integrity": "sha512-CwXixvOdinvBCLXvcTloDinWiEM7Geaz+GwyjPrZL+MXIGPcLv4Op1bbWn8ErsI1JWMIWC8Cuf1rnDU2RrFV5w==",
      "requires": {
        "jquery": ">=1.7"
      }
    },
    "datatables.net-autofill": {
      "version": "2.3.5",
      "resolved": "https://registry.npmjs.org/datatables.net-autofill/-/datatables.net-autofill-2.3.5.tgz",
      "integrity": "sha512-3pbHGOCVAebAqhBsDZ9FpTBAzFQD6Tb+Ab51akXLsVCr/jr4UMuBlPQZzaVh79eHRtt/3AuNwFlNTkjzBwoBIw==",
      "requires": {
        "datatables.net": "^1.10.15",
        "jquery": ">=1.7"
      }
    },
    "datatables.net-autofill-se": {
      "version": "2.3.5",
      "resolved": "https://registry.npmjs.org/datatables.net-autofill-se/-/datatables.net-autofill-se-2.3.5.tgz",
      "integrity": "sha512-OnG8bY6R78eBwghnCrm6ZSX2eXFYA8raCsdFMo70s8JixcCVD3pX5IUPXEPyKNjTfGCMMlBE/SdDC1E5E5qHow==",
      "requires": {
        "datatables.net-autofill": "2.3.5",
        "datatables.net-se": "^1.10.15",
        "jquery": ">=1.7"
      }
    },
    "datatables.net-buttons": {
      "version": "1.7.0",
      "resolved": "https://registry.npmjs.org/datatables.net-buttons/-/datatables.net-buttons-1.7.0.tgz",
      "integrity": "sha512-3bWeKBO+lR+aA/KTlJErWIYMrDD54eGbtd7todgLlRoMezQFZVpCyXzOsMaC611D+E4uvOgPnNrLuh3GlmMcRg==",
      "requires": {
        "datatables.net": "^1.10.15",
        "jquery": ">=1.7"
      }
    },
    "datatables.net-buttons-se": {
      "version": "1.7.0",
      "resolved": "https://registry.npmjs.org/datatables.net-buttons-se/-/datatables.net-buttons-se-1.7.0.tgz",
      "integrity": "sha512-095bePOhYXzNxlXdeLVd3gvzklPOtX0C5v7HbuhcNOhjemWVFI0ixlFyAfacVjXoZl0cZFX5Jg6VQFj4zdaYOw==",
      "requires": {
        "datatables.net-buttons": "1.7.0",
        "datatables.net-se": "^1.10.15",
        "jquery": ">=1.7"
      }
    },
    "datatables.net-colreorder": {
      "version": "1.5.3",
      "resolved": "https://registry.npmjs.org/datatables.net-colreorder/-/datatables.net-colreorder-1.5.3.tgz",
      "integrity": "sha512-OPMP5hG60cOVALk68Q2FQrsPQ6oOnwmsxipbq1FKm3JdR9I80j3wI3Zv9Q5KbehK5YkwE+DDJVDS1V/ikUVKHA==",
      "requires": {
        "datatables.net": "^1.10.15",
        "jquery": ">=1.7"
      }
    },
    "datatables.net-colreorder-se": {
      "version": "1.5.3",
      "resolved": "https://registry.npmjs.org/datatables.net-colreorder-se/-/datatables.net-colreorder-se-1.5.3.tgz",
      "integrity": "sha512-92zdcODZX0uDBvw6MWjhw8I7bdJY2pz5GsetDvFmw4xn1kJRCUfbOk+p7caseFxMSvPXzreCVRXmXE31Jb2FGQ==",
      "requires": {
        "datatables.net-colreorder": "1.5.3",
        "datatables.net-se": "^1.10.15",
        "jquery": ">=1.7"
      }
    },
    "datatables.net-datetime": {
      "version": "1.0.2",
      "resolved": "https://registry.npmjs.org/datatables.net-datetime/-/datatables.net-datetime-1.0.2.tgz",
      "integrity": "sha512-ZH21aXgQgwwJ+6OTPdRMktEvTVdrDd7H67ISdmwU9Jh7PBwscoUsEtQuFwqxiacsH+LC1QWfEYFKG1F8tewjHg=="
    },
    "datatables.net-fixedcolumns": {
      "version": "3.3.2",
      "resolved": "https://registry.npmjs.org/datatables.net-fixedcolumns/-/datatables.net-fixedcolumns-3.3.2.tgz",
      "integrity": "sha512-LKWJZDSU9R8Z7rz/YSxSyAhxvtBvrA08oCY7y9h8ExynfEG3XUzAPejb2Y1I0YznPcnaYEnukUXLRHU6DjTnWQ==",
      "requires": {
        "datatables.net": "^1.10.15",
        "jquery": ">=1.7"
      }
    },
    "datatables.net-fixedcolumns-se": {
      "version": "3.3.2",
      "resolved": "https://registry.npmjs.org/datatables.net-fixedcolumns-se/-/datatables.net-fixedcolumns-se-3.3.2.tgz",
      "integrity": "sha512-MXIQcK0zr60c0DqieFdWDL1Shy6A95DvzAaE7gjh/wE+gpVDFYNG8umKxx0Jn7KaNKkD5wQsyesFjbAhJCRelg==",
      "requires": {
        "datatables.net-fixedcolumns": "3.3.2",
        "datatables.net-se": "^1.10.15",
        "jquery": ">=1.7"
      }
    },
    "datatables.net-fixedheader": {
      "version": "3.1.8",
      "resolved": "https://registry.npmjs.org/datatables.net-fixedheader/-/datatables.net-fixedheader-3.1.8.tgz",
      "integrity": "sha512-MLZgzkU6sGNSqlKuuJC/5/ps4xcmJQZILHqr5bOK/2kBEzCZzH+ZVOjudVRshnxkFn7IOTAOecMQHI6HPHFhag==",
      "requires": {
        "datatables.net": "^1.10.15",
        "jquery": ">=1.7"
      }
    },
    "datatables.net-fixedheader-se": {
      "version": "3.1.8",
      "resolved": "https://registry.npmjs.org/datatables.net-fixedheader-se/-/datatables.net-fixedheader-se-3.1.8.tgz",
      "integrity": "sha512-erb8eketXFSmq8svt4LOHonpKpJM821Q+11/7RsvYnENfYJwM554QXEWDKivQ6MaIRyOyICd9RvP2ZlvgZ1KzA==",
      "requires": {
        "datatables.net-fixedheader": "3.1.8",
        "datatables.net-se": "^1.10.15",
        "jquery": ">=1.7"
      }
    },
    "datatables.net-keytable": {
      "version": "2.6.1",
      "resolved": "https://registry.npmjs.org/datatables.net-keytable/-/datatables.net-keytable-2.6.1.tgz",
      "integrity": "sha512-0gA3amosZcWr+AsDd0a8zLmO90Vmlo4SwN2SHQDZuCEYgcMyvLJM40DxJPDVh2qEajExaKJQ3ctoQClf+UoctQ==",
      "requires": {
        "datatables.net": "^1.10.15",
        "jquery": ">=1.7"
      }
    },
    "datatables.net-keytable-se": {
      "version": "2.6.1",
      "resolved": "https://registry.npmjs.org/datatables.net-keytable-se/-/datatables.net-keytable-se-2.6.1.tgz",
      "integrity": "sha512-yKpMltBKL63KX6+HEMPCK2DgDKZtLqy5A7MlgdyVkGlVBsBtZ67tnoRCcO8cTKsz7TFozJf8M/N4ZEGFva9A5g==",
      "requires": {
        "datatables.net-keytable": "2.6.1",
        "datatables.net-se": "^1.10.15",
        "jquery": ">=1.7"
      }
    },
    "datatables.net-responsive": {
      "version": "2.2.7",
      "resolved": "https://registry.npmjs.org/datatables.net-responsive/-/datatables.net-responsive-2.2.7.tgz",
      "integrity": "sha512-pjZcR+AHa0GE++giRhMBSxFLKrfjP+X7etj7oZMMfMTi1gcdYdM8YP3gmpEyfLjDEg6uPJb9PRH4mQHcc8OYyA==",
      "requires": {
        "datatables.net": "^1.10.15",
        "jquery": ">=1.7"
      }
    },
    "datatables.net-responsive-se": {
      "version": "2.2.7",
      "resolved": "https://registry.npmjs.org/datatables.net-responsive-se/-/datatables.net-responsive-se-2.2.7.tgz",
      "integrity": "sha512-0kvyRFLqAdxb/Y0W7zs/kw+xg3+xcFt8ZEed4ISfY/sQ4geLih5DVrYyZnTYvnUq7ioyz7/ixF/dsQNSKEmrIQ==",
      "requires": {
        "datatables.net-responsive": "2.2.7",
        "datatables.net-se": "^1.10.15",
        "jquery": ">=1.7"
      }
    },
    "datatables.net-rowgroup": {
      "version": "1.1.2",
      "resolved": "https://registry.npmjs.org/datatables.net-rowgroup/-/datatables.net-rowgroup-1.1.2.tgz",
      "integrity": "sha512-yUYyZ97pI/otJgaWWZT6o9OK6adc/9FJBKRe3FfiSmWEBJVB0NFL329rI9EuvYB8JIKwMmdzR09Oi3eqoXIOGA==",
      "requires": {
        "datatables.net": "^1.10.15",
        "jquery": ">=1.7"
      }
    },
    "datatables.net-rowgroup-se": {
      "version": "1.1.2",
      "resolved": "https://registry.npmjs.org/datatables.net-rowgroup-se/-/datatables.net-rowgroup-se-1.1.2.tgz",
      "integrity": "sha512-6GYWTEi2PzJWtR8zIJF1yNrqATjT6UQV/ZtUlapWNUqgnhIsnwJM/C7Uj/y3IInTi3D2xxi6h2b60PH86+h2TA==",
      "requires": {
        "datatables.net-rowgroup": "1.1.2",
        "datatables.net-se": "^1.10.15",
        "jquery": ">=1.7"
      }
    },
    "datatables.net-rowreorder": {
      "version": "1.2.7",
      "resolved": "https://registry.npmjs.org/datatables.net-rowreorder/-/datatables.net-rowreorder-1.2.7.tgz",
      "integrity": "sha512-e/aVdlTFv5M4sAjzg8mwIzPJEGuyIkSW7IcckgYuImwGyNfCSVen6Kr7d40SUwwE/Ji8jeIMNdW6U6E8bVR4yw==",
      "requires": {
        "datatables.net": "^1.10.15",
        "jquery": ">=1.7"
      }
    },
    "datatables.net-rowreorder-se": {
      "version": "1.2.7",
      "resolved": "https://registry.npmjs.org/datatables.net-rowreorder-se/-/datatables.net-rowreorder-se-1.2.7.tgz",
      "integrity": "sha512-CIz96xHudzdykkn7yz8+QfdSBJCMcOOqO7WmX+qTn/b5yC3uv/pacJDY4mSpMzRrbY63ZJi3YvzDjthZrjILiQ==",
      "requires": {
        "datatables.net-rowreorder": "1.2.7",
        "datatables.net-se": "^1.10.15",
        "jquery": ">=1.7"
      }
    },
    "datatables.net-scroller": {
      "version": "2.0.3",
      "resolved": "https://registry.npmjs.org/datatables.net-scroller/-/datatables.net-scroller-2.0.3.tgz",
      "integrity": "sha512-ijqGdWN3GR2KXjP0gt4HSY4HgaTqDhdGdzEf4gVOUHe0nH3th9XxLhlvld6G4qqpP5GXaF4OWlhH0ZBzcpeTQA==",
      "requires": {
        "datatables.net": "^1.10.15",
        "jquery": ">=1.7"
      }
    },
    "datatables.net-scroller-se": {
      "version": "2.0.3",
      "resolved": "https://registry.npmjs.org/datatables.net-scroller-se/-/datatables.net-scroller-se-2.0.3.tgz",
      "integrity": "sha512-Mc5YUGipjcV4BogNB0IDVQreYhC6MWvdHdBUacQKcvWZQ4aevrV4cOUlzqo+8SU0KhuH6A9kqAJqsG7yph1BRA==",
      "requires": {
        "datatables.net-scroller": "2.0.3",
        "datatables.net-se": "^1.10.15",
        "jquery": ">=1.7"
      }
    },
    "datatables.net-se": {
      "version": "1.10.24",
      "resolved": "https://registry.npmjs.org/datatables.net-se/-/datatables.net-se-1.10.24.tgz",
      "integrity": "sha512-M7wzTPNGD7dhqyP+do8ALz0BbYnew/JnLOV9oTJCLxDLWOjsQmdvUvTTuuBkUDuQca+pqPgVJPcz14cdsC0Umw==",
      "requires": {
        "datatables.net": "1.10.24",
        "jquery": ">=1.7"
      }
    },
    "datatables.net-searchbuilder": {
      "version": "1.0.1",
      "resolved": "https://registry.npmjs.org/datatables.net-searchbuilder/-/datatables.net-searchbuilder-1.0.1.tgz",
      "integrity": "sha512-IM0bz5o3wKytadKeJw1/ja7RDaAxX3FBqYvLXqcuZnW/Kk0Hj1olJ54qChJ0WRUZzN/HRAJ/mkDOhgP0yiv8Yg==",
      "requires": {
        "datatables.net": "^1.10.15",
        "jquery": ">=1.7"
      }
    },
    "datatables.net-searchbuilder-se": {
      "version": "1.0.1",
      "resolved": "https://registry.npmjs.org/datatables.net-searchbuilder-se/-/datatables.net-searchbuilder-se-1.0.1.tgz",
      "integrity": "sha512-+4KQ79Q+9tACHwbrptHhlTC62lO+iU/Ox/K9nm2VWLl1RZwwakyBKWseGwvtuDLpkOD2b3seIxxe4m+Po6XrxQ==",
      "requires": {
        "datatables.net-se": "^1.10.15",
        "datatables.net-searchbuilder": "1.0.1",
        "jquery": ">=1.7"
      }
    },
    "datatables.net-searchpanes": {
      "version": "1.2.2",
      "resolved": "https://registry.npmjs.org/datatables.net-searchpanes/-/datatables.net-searchpanes-1.2.2.tgz",
      "integrity": "sha512-boSSTOIf1QILvjNOyj2lKsy78pFmWa3Hukdx/GkaA6qQZpIZs0lw8wnme7h7CIxERXvG/r/IsjB3UB1uQhlhDg==",
      "requires": {
        "datatables.net": "^1.10.15",
        "jquery": ">=1.7"
      }
    },
    "datatables.net-searchpanes-se": {
      "version": "1.2.2",
      "resolved": "https://registry.npmjs.org/datatables.net-searchpanes-se/-/datatables.net-searchpanes-se-1.2.2.tgz",
      "integrity": "sha512-0u2Vvojjv2BUs76kp418QrL3vehLH8QiIKKvBuXI4iYS93k2agY/Qb3ItwoUsXThpSKHQcLIU6E8gV9FatDBVA==",
      "requires": {
        "datatables.net-se": "^1.10.15",
        "datatables.net-searchpanes": "1.2.2",
        "jquery": ">=1.7"
      }
    },
    "datatables.net-select": {
      "version": "1.3.3",
      "resolved": "https://registry.npmjs.org/datatables.net-select/-/datatables.net-select-1.3.3.tgz",
      "integrity": "sha512-M4e9Qx790IPt+tc+CLgk7gPram3i+M2OmhIkhIpp7RcZ2Ay4App4ouQZcEx3j1MTRIWxtOz47xjpWrwVfJ23YQ==",
      "requires": {
        "datatables.net": "^1.10.15",
        "jquery": ">=1.7"
      }
    },
    "datatables.net-select-se": {
      "version": "1.3.3",
      "resolved": "https://registry.npmjs.org/datatables.net-select-se/-/datatables.net-select-se-1.3.3.tgz",
      "integrity": "sha512-MfE49dFfkOGldMYqzV26fRaYGhYklykzqpgTgAcTblpJV5Upeux1Fo13r80NkM+4sl5WFlIumfgY9mRDm3FSQg==",
      "requires": {
        "datatables.net-se": "^1.10.15",
        "datatables.net-select": "1.3.3",
        "jquery": ">=1.7"
      }
    },
    "jquery": {
      "version": "3.6.0",
      "resolved": "https://registry.npmjs.org/jquery/-/jquery-3.6.0.tgz",
      "integrity": "sha512-JVzAR/AjBvVt2BmYhxRCSYysDsPcssdmTFnzyLEts9qNwmjmu4JTAMYubEfwVOSwpQ1I1sKKFcxhZCI2buerfw=="
    }
  }
}
